
Microsoft Visual Studio Solution File, Format Version 12.00
# Visual Studio 15
VisualStudioVersion = 15.0.28307.539
MinimumVisualStudioVersion = 10.0.40219.1
Project("{FAE04EC0-301F-11D3-BF4B-00C04F79EFBC}") = "Hafıza oyunu", "Hafıza oyunu\Hafıza oyunu.csproj", "{229673EF-FC9C-4714-844C-F700740EB1FA}"
EndProject
Global
	GlobalSection(SolutionConfigurationPlatforms) = preSolution
		Debug|Any CPU = Debug|Any CPU
		Release|Any CPU = Release|Any CPU
	EndGlobalSection
	GlobalSection(ProjectConfigurationPlatforms) = postSolution
		{229673EF-FC9C-4714-844C-F700740EB1FA}.Debug|Any CPU.ActiveCfg = Debug|Any CPU
		{229673EF-FC9C-4714-844C-F700740EB1FA}.Debug|Any CPU.Build.0 = Debug|Any CPU
		{229673EF-FC9C-4714-844C-F700740EB1FA}.Release|Any CPU.ActiveCfg = Release|Any CPU
		{229673EF-FC9C-4714-844C-F700740EB1FA}.Release|Any CPU.Build.0 = Release|Any CPU
	EndGlobalSection
	GlobalSection(SolutionProperties) = preSolution
		HideSolutionNode = FALSE
	EndGlobalSection
	GlobalSection(ExtensibilityGlobals) = postSolution
		SolutionGuid = {75D5E2BD-C05C-4A53-9F1D-84D8D2F095EC}
	EndGlobalSection
EndGlobal
